
Microsoft Visual Studio Solution File, Format Version 12.00
# 17
VisualStudioVersion = 17.0.31903.59
MinimumVisualStudioVersion = 10.0.40219.1
Project("{9A19103F-16F7-4668-BE54-9A1E7A4F7556}") = "SilvaViridis.Exe.DeviceConfiguration.Client", "SilvaViridis.Exe.DeviceConfiguration.Client\SilvaViridis.Exe.DeviceConfiguration.Client.csproj", "{1DDB118A-21ED-4AD0-BFB1-E300FC9760ED}"
EndProject
Project("{9A19103F-16F7-4668-BE54-9A1E7A4F7556}") = "SilvaViridis.Exe.DeviceConfiguration.Client.Avalonia", "SilvaViridis.Exe.DeviceConfiguration.Client.Avalonia\SilvaViridis.Exe.DeviceConfiguration.Client.Avalonia.csproj", "{1AC67EA5-D943-41CB-92E0-E4C152A544D0}"
EndProject
Project("{9A19103F-16F7-4668-BE54-9A1E7A4F7556}") = "SilvaViridis.Exe.DeviceConfiguration.Client.Avalonia.Desktop", "SilvaViridis.Exe.DeviceConfiguration.Client.Avalonia.Desktop\SilvaViridis.Exe.DeviceConfiguration.Client.Avalonia.Desktop.csproj", "{BB278F5F-2B1D-4F8C-8CA0-7FAC2483CC19}"
EndProject
Project("{9A19103F-16F7-4668-BE54-9A1E7A4F7556}") = "SilvaViridis.Exe.DeviceConfiguration.Server", "SilvaViridis.Exe.DeviceConfiguration.Server\SilvaViridis.Exe.DeviceConfiguration.Server.csproj", "{BE50D053-FC82-4B32-B10E-0E08030CF741}"
EndProject
Project("{9A19103F-16F7-4668-BE54-9A1E7A4F7556}") = "SilvaViridis.Common.CSharp.Consts", "SilvaViridis.Common.CSharp.Consts\SilvaViridis.Common.CSharp.Consts.csproj", "{B5E29CA7-1C91-4BD7-B121-C06A4E7E7D85}"
EndProject
Project("{9A19103F-16F7-4668-BE54-9A1E7A4F7556}") = "SilvaViridis.Common.Localization", "SilvaViridis.Common.Localization\SilvaViridis.Common.Localization.csproj", "{28E65C18-FBEC-4F5C-9D97-C21030AC046E}"
EndProject
Project("{9A19103F-16F7-4668-BE54-9A1E7A4F7556}") = "SilvaViridis.Common.Localization.Abstractions", "SilvaViridis.Common.Localization.Abstractions\SilvaViridis.Common.Localization.Abstractions.csproj", "{7E26F6D9-F257-4487-BCD4-9D95AA9BFE07}"
EndProject
Project("{9A19103F-16F7-4668-BE54-9A1E7A4F7556}") = "SilvaViridis.Common.Localization.Generators", "SilvaViridis.Common.Localization.Generators\SilvaViridis.Common.Localization.Generators.csproj", "{C82A1ED1-EAB3-47D3-A842-6538F18EA3C9}"
EndProject
Project("{9A19103F-16F7-4668-BE54-9A1E7A4F7556}") = "SilvaViridis.Components.Menu", "SilvaViridis.Components.Menu\SilvaViridis.Components.Menu.csproj", "{1F24E210-70C4-4F90-BBEF-07E9E06E04EF}"
EndProject
Project("{9A19103F-16F7-4668-BE54-9A1E7A4F7556}") = "SilvaViridis.Components.Menu.Abstractions", "SilvaViridis.Components.Menu.Abstractions\SilvaViridis.Components.Menu.Abstractions.csproj", "{DF10D30C-9E1C-437B-8180-7B1FD3479138}"
EndProject
Project("{9A19103F-16F7-4668-BE54-9A1E7A4F7556}") = "SilvaViridis.Components", "SilvaViridis.Components\SilvaViridis.Components.csproj", "{983AF61E-7A2F-4729-A6A5-092755B4C043}"
EndProject
Project("{9A19103F-16F7-4668-BE54-9A1E7A4F7556}") = "SilvaViridis.Components.Generators", "SilvaViridis.Components.Generators\SilvaViridis.Components.Generators.csproj", "{92707472-823E-4CD0-8642-B37104AA417A}"
EndProject
Project("{9A19103F-16F7-4668-BE54-9A1E7A4F7556}") = "SilvaViridis.Common.Generators", "SilvaViridis.Common.Generators\SilvaViridis.Common.Generators.csproj", "{D38C40CB-13E6-4901-93EA-7568CB8FA178}"
EndProject
Project("{9A19103F-16F7-4668-BE54-9A1E7A4F7556}") = "SilvaViridis.Common.Text", "SilvaViridis.Common.Text\SilvaViridis.Common.Text.csproj", "{703264B8-4F42-46C2-AC06-FDDBC1AD226D}"
EndProject
Project("{9A19103F-16F7-4668-BE54-9A1E7A4F7556}") = "SilvaViridis.Common.CSharp.Consts.Generators", "SilvaViridis.Common.CSharp.Consts.Generators\SilvaViridis.Common.CSharp.Consts.Generators.csproj", "{3417E104-F289-4623-AF15-DC02C9DD86A4}"
EndProject
Global
	GlobalSection(SolutionConfigurationPlatforms) = preSolution
		Debug|Any CPU = Debug|Any CPU
		Release|Any CPU = Release|Any CPU
	EndGlobalSection
	GlobalSection(ProjectConfigurationPlatforms) = postSolution
		{1DDB118A-21ED-4AD0-BFB1-E300FC9760ED}.Debug|Any CPU.ActiveCfg = Debug|Any CPU
		{1DDB118A-21ED-4AD0-BFB1-E300FC9760ED}.Debug|Any CPU.Build.0 = Debug|Any CPU
		{1DDB118A-21ED-4AD0-BFB1-E300FC9760ED}.Release|Any CPU.ActiveCfg = Release|Any CPU
		{1DDB118A-21ED-4AD0-BFB1-E300FC9760ED}.Release|Any CPU.Build.0 = Release|Any CPU
		{1AC67EA5-D943-41CB-92E0-E4C152A544D0}.Debug|Any CPU.ActiveCfg = Debug|Any CPU
		{1AC67EA5-D943-41CB-92E0-E4C152A544D0}.Debug|Any CPU.Build.0 = Debug|Any CPU
		{1AC67EA5-D943-41CB-92E0-E4C152A544D0}.Release|Any CPU.ActiveCfg = Release|Any CPU
		{1AC67EA5-D943-41CB-92E0-E4C152A544D0}.Release|Any CPU.Build.0 = Release|Any CPU
		{BB278F5F-2B1D-4F8C-8CA0-7FAC2483CC19}.Debug|Any CPU.ActiveCfg = Debug|Any CPU
		{BB278F5F-2B1D-4F8C-8CA0-7FAC2483CC19}.Debug|Any CPU.Build.0 = Debug|Any CPU
		{BB278F5F-2B1D-4F8C-8CA0-7FAC2483CC19}.Release|Any CPU.ActiveCfg = Release|Any CPU
		{BB278F5F-2B1D-4F8C-8CA0-7FAC2483CC19}.Release|Any CPU.Build.0 = Release|Any CPU
		{BE50D053-FC82-4B32-B10E-0E08030CF741}.Debug|Any CPU.ActiveCfg = Debug|Any CPU
		{BE50D053-FC82-4B32-B10E-0E08030CF741}.Debug|Any CPU.Build.0 = Debug|Any CPU
		{BE50D053-FC82-4B32-B10E-0E08030CF741}.Release|Any CPU.ActiveCfg = Release|Any CPU
		{BE50D053-FC82-4B32-B10E-0E08030CF741}.Release|Any CPU.Build.0 = Release|Any CPU
		{B5E29CA7-1C91-4BD7-B121-C06A4E7E7D85}.Debug|Any CPU.ActiveCfg = Debug|Any CPU
		{B5E29CA7-1C91-4BD7-B121-C06A4E7E7D85}.Debug|Any CPU.Build.0 = Debug|Any CPU
		{B5E29CA7-1C91-4BD7-B121-C06A4E7E7D85}.Release|Any CPU.ActiveCfg = Release|Any CPU
		{B5E29CA7-1C91-4BD7-B121-C06A4E7E7D85}.Release|Any CPU.Build.0 = Release|Any CPU
		{28E65C18-FBEC-4F5C-9D97-C21030AC046E}.Debug|Any CPU.ActiveCfg = Debug|Any CPU
		{28E65C18-FBEC-4F5C-9D97-C21030AC046E}.Debug|Any CPU.Build.0 = Debug|Any CPU
		{28E65C18-FBEC-4F5C-9D97-C21030AC046E}.Release|Any CPU.ActiveCfg = Release|Any CPU
		{28E65C18-FBEC-4F5C-9D97-C21030AC046E}.Release|Any CPU.Build.0 = Release|Any CPU
		{7E26F6D9-F257-4487-BCD4-9D95AA9BFE07}.Debug|Any CPU.ActiveCfg = Debug|Any CPU
		{7E26F6D9-F257-4487-BCD4-9D95AA9BFE07}.Debug|Any CPU.Build.0 = Debug|Any CPU
		{7E26F6D9-F257-4487-BCD4-9D95AA9BFE07}.Release|Any CPU.ActiveCfg = Release|Any CPU
		{7E26F6D9-F257-4487-BCD4-9D95AA9BFE07}.Release|Any CPU.Build.0 = Release|Any CPU
		{C82A1ED1-EAB3-47D3-A842-6538F18EA3C9}.Debug|Any CPU.ActiveCfg = Debug|Any CPU
		{C82A1ED1-EAB3-47D3-A842-6538F18EA3C9}.Debug|Any CPU.Build.0 = Debug|Any CPU
		{C82A1ED1-EAB3-47D3-A842-6538F18EA3C9}.Release|Any CPU.ActiveCfg = Release|Any CPU
		{C82A1ED1-EAB3-47D3-A842-6538F18EA3C9}.Release|Any CPU.Build.0 = Release|Any CPU
		{1F24E210-70C4-4F90-BBEF-07E9E06E04EF}.Debug|Any CPU.ActiveCfg = Debug|Any CPU
		{1F24E210-70C4-4F90-BBEF-07E9E06E04EF}.Debug|Any CPU.Build.0 = Debug|Any CPU
		{1F24E210-70C4-4F90-BBEF-07E9E06E04EF}.Release|Any CPU.ActiveCfg = Release|Any CPU
		{1F24E210-70C4-4F90-BBEF-07E9E06E04EF}.Release|Any CPU.Build.0 = Release|Any CPU
		{DF10D30C-9E1C-437B-8180-7B1FD3479138}.Debug|Any CPU.ActiveCfg = Debug|Any CPU
		{DF10D30C-9E1C-437B-8180-7B1FD3479138}.Debug|Any CPU.Build.0 = Debug|Any CPU
		{DF10D30C-9E1C-437B-8180-7B1FD3479138}.Release|Any CPU.ActiveCfg = Release|Any CPU
		{DF10D30C-9E1C-437B-8180-7B1FD3479138}.Release|Any CPU.Build.0 = Release|Any CPU
		{983AF61E-7A2F-4729-A6A5-092755B4C043}.Debug|Any CPU.ActiveCfg = Debug|Any CPU
		{983AF61E-7A2F-4729-A6A5-092755B4C043}.Debug|Any CPU.Build.0 = Debug|Any CPU
		{983AF61E-7A2F-4729-A6A5-092755B4C043}.Release|Any CPU.ActiveCfg = Release|Any CPU
		{983AF61E-7A2F-4729-A6A5-092755B4C043}.Release|Any CPU.Build.0 = Release|Any CPU
		{92707472-823E-4CD0-8642-B37104AA417A}.Debug|Any CPU.ActiveCfg = Debug|Any CPU
		{92707472-823E-4CD0-8642-B37104AA417A}.Debug|Any CPU.Build.0 = Debug|Any CPU
		{92707472-823E-4CD0-8642-B37104AA417A}.Release|Any CPU.ActiveCfg = Release|Any CPU
		{92707472-823E-4CD0-8642-B37104AA417A}.Release|Any CPU.Build.0 = Release|Any CPU
		{D38C40CB-13E6-4901-93EA-7568CB8FA178}.Debug|Any CPU.ActiveCfg = Debug|Any CPU
		{D38C40CB-13E6-4901-93EA-7568CB8FA178}.Debug|Any CPU.Build.0 = Debug|Any CPU
		{D38C40CB-13E6-4901-93EA-7568CB8FA178}.Release|Any CPU.ActiveCfg = Release|Any CPU
		{D38C40CB-13E6-4901-93EA-7568CB8FA178}.Release|Any CPU.Build.0 = Release|Any CPU
		{703264B8-4F42-46C2-AC06-FDDBC1AD226D}.Debug|Any CPU.ActiveCfg = Debug|Any CPU
		{703264B8-4F42-46C2-AC06-FDDBC1AD226D}.Debug|Any CPU.Build.0 = Debug|Any CPU
		{703264B8-4F42-46C2-AC06-FDDBC1AD226D}.Release|Any CPU.ActiveCfg = Release|Any CPU
		{703264B8-4F42-46C2-AC06-FDDBC1AD226D}.Release|Any CPU.Build.0 = Release|Any CPU
		{3417E104-F289-4623-AF15-DC02C9DD86A4}.Debug|Any CPU.ActiveCfg = Debug|Any CPU
		{3417E104-F289-4623-AF15-DC02C9DD86A4}.Debug|Any CPU.Build.0 = Debug|Any CPU
		{3417E104-F289-4623-AF15-DC02C9DD86A4}.Release|Any CPU.ActiveCfg = Release|Any CPU
		{3417E104-F289-4623-AF15-DC02C9DD86A4}.Release|Any CPU.Build.0 = Release|Any CPU
	EndGlobalSection
	GlobalSection(SolutionProperties) = preSolution
		HideSolutionNode = FALSE
	EndGlobalSection
	GlobalSection(ExtensibilityGlobals) = postSolution
		SolutionGuid = {52B46986-1724-481A-8B55-9621582F6DCA}
	EndGlobalSection
EndGlobal
